marketplaces:
  - name: clerk-skills
    source:
      source: github
      repo: clerk/skills
    origin: agent-plugins.preset.yaml
  - name: agent-plugins
    source:
      source: github
      repo: ttungbmt/agent-plugins
    origin: agent-plugins.preset.yaml
  - name: ui-ux-pro-max-skill
    source:
      source: github
      repo: nextlevelbuilder/ui-ux-pro-max-skill
    origin: agent-plugins.preset.yaml
  - name: impeccable
    source:
      source: github
      repo: pbakaus/impeccable
    origin: agent-plugins.preset.yaml
  - name: chrome-devtools-plugins
    source:
      source: github
      repo: ChromeDevTools/chrome-devtools-mcp
    origin: agent-plugins.preset.yaml
plugins:
  - id: claude-code-setup@claude-plugins-official
    enabled: true
    origin: base
  - id: claude-md-management@claude-plugins-official
    enabled: true
    origin: base
  - id: playground@claude-plugins-official
    enabled: true
    origin: agent-plugins.preset.yaml
  - id: core@clerk-skills
    enabled: true
    origin: agent-plugins.preset.yaml
  - id: vercel@agent-plugins
    enabled: true
    origin: agent-plugins.preset.yaml
  - id: context7@claude-plugins-official
    enabled: true
    origin: agent-plugins.preset.yaml
  - id: cloudflare@claude-plugins-official
    enabled: true
    origin: agent-plugins.preset.yaml
  - id: impeccable@impeccable
    enabled: false
    origin: agent-plugins.preset.yaml
  - id: ui-ux-pro-max@ui-ux-pro-max-skill
    enabled: false
    origin: agent-plugins.preset.yaml
  - id: taste-skill@agent-plugins
    enabled: true
    origin: agent-plugins.preset.yaml
  - id: chrome-devtools-mcp@chrome-devtools-plugins
    enabled: true
    origin: agent-plugins.preset.yaml
skillSources:
  - source:
      source: github
      repo: jasonku09/grill-with-ui
    commit: daafa1e2111d7c6efc85a11b00cbbdae42a72c9d
    skills:
      - grill-with-ui
  - source:
      source: github
      repo: clerk/skills
      path: skills/frameworks
    commit: d01c99c0d8f608d6a51bf5a62c79e30d2395248a
    skills:
      - clerk-astro-patterns
      - clerk-chrome-extension-patterns
      - clerk-nextjs-patterns
      - clerk-nuxt-patterns
      - clerk-react-patterns
      - clerk-react-router-patterns
      - clerk-tanstack-patterns
      - clerk-vue-patterns
  - source:
      source: github
      repo: microsoft/playwright-cli
    commit: 74354ecc7a43da16d91a9bc54fa8db8283a3fcf5
    skills:
      - playwright-cli
skills:
  - name: grill-with-ui
    source:
      source: github
      repo: jasonku09/grill-with-ui
    sha256: 7f2a4d89bda95c985efab16b63beee86f4c6b05e793ee87d7fecbdb75f25e9b3
    origin: agent-plugins.preset.yaml
  - name: clerk-nextjs-patterns
    source:
      source: github
      repo: clerk/skills
      path: skills/frameworks
    sha256: d0c6c84f1f94462cc3e6094af632e9e70de0994b4143c65d18dad67b9db599d8
    origin: agent-plugins.preset.yaml
  - name: playwright-cli
    source:
      source: github
      repo: microsoft/playwright-cli
    sha256: 427902ad53024f0bac99f035924f49c0649c8e53f9f5111376153ad5a59bf9fb
    origin: agent-plugins.preset.yaml
