marketplaces:
  - name: last30days-skill
    source:
      source: github
      repo: mvanhorn/last30days-skill
    origin: agent-plugins
  - name: ecc
    source:
      source: github
      repo: affaan-m/everything-claude-code
    origin: agent-plugins
  - name: claude-code-workflows
    source:
      source: github
      repo: wshobson/agents
    origin: agent-plugins
  - name: claude-plugins-official
    source:
      source: github
      repo: anthropics/claude-plugins-official
    origin: base
plugins:
  - id: context7@claude-plugins-official
    enabled: true
    origin: agent-plugins
  - id: claude-code-setup@claude-plugins-official
    enabled: true
    origin: agent-plugins
  - id: typescript-lsp@claude-plugins-official
    enabled: true
    origin: agent-plugins
  - id: claude-md-management@claude-plugins-official
    enabled: true
    origin: agent-plugins
  - id: mattpocock-skills@claude-plugins-official
    enabled: true
    origin: agent-plugins
skillSources:
  - source:
      source: github
      repo: vercel-labs/skills
    commit: 7407f3893ad4dceab546ac002c3ef806e4000c73
    skills:
      - find-skills
  - source:
      source: github
      repo: vercel-labs/agent-skills
    commit: 063bee94c3f4df8453406c830b0a7df0f2860278
    skills:
      - vercel-composition-patterns
      - deploy-to-vercel
      - vercel-react-best-practices
      - vercel-react-native-skills
      - vercel-react-view-transitions
      - vercel-cli-with-tokens
      - vercel-optimize
      - web-design-guidelines
      - writing-guidelines
  - source:
      source: github
      repo: hmcuongit/cuonghm-ai-workflow-lab
      path: claude/skills
    commit: 7aa608c3d82bb8b82e369b1916abf325fdb0c44c
    skills:
      - adr-authoring
      - api-contract
      - confluence-sync
      - doc-authoring
      - drawio-skill-v2
      - frontend-slides
      - geospatial-webgis
      - google-docs-authoring
      - google-sheets-authoring
      - google-workspace-access
      - gtelmaps-platform
      - jira-worklog-sync
      - mermaid-validator
      - nestjs-service-patterns
      - springboot-service-patterns
      - static-site-deploy
      - task-intake
      - task-manager
      - task-verification
      - workspace-conventions
      - xlsx-authoring
  - source:
      source: github
      repo: github/awesome-copilot
    commit: d7e4ad98ed8fd72e4744ee604e6277eb36748fe2
    skills:
      - acquire-codebase-knowledge
      - acreadiness-assess
      - acreadiness-generate-instructions
      - acreadiness-policy
      - ad-campaign-analyzer
      - add-educational-comments
      - adobe-illustrator-scripting
      - agent-architecture
      - agent-governance
      - agent-owasp-compliance
      - agent-skill-stack
      - agent-supply-chain
      - agentic-eval
      - ai-prompt-engineering-safety-review
      - ai-ready
      - ai-team-orchestration
      - anti-ui-slop
      - api-breaking-change-detector
      - appinsights-instrumentation
      - apple-appstore-reviewer
      - arch-linux-triage
      - architecture-blueprint-generator
      - arduino-azure-iot-edge-integration
      - arize-ai-provider-integration
      - arize-annotation
      - arize-dataset
      - arize-evaluator
      - arize-experiment
      - arize-instrumentation
      - arize-link
      - arize-prompt-optimization
      - arize-trace
      - aspire
      - aspnet-minimal-api-openapi
      - audit-integrity
      - automate-this
      - autoresearch
      - aws-cdk-python-setup
      - aws-cloudwatch-investigation
      - aws-cost-optimize
      - aws-resource-health-diagnose
      - aws-resource-query
      - aws-well-architected-review
      - az-cost-optimize
      - azure-architecture-autopilot
      - azure-container-registry-cli
      - azure-deployment-preflight
      - azure-developer-cli
      - azure-devops-cli
      - azure-pricing
      - azure-resource-health-diagnose
      - azure-resource-visualizer
      - azure-role-selector
      - azure-smart-city-iot-solution-builder
      - azure-static-web-apps
      - azure-well-architected-review
      - batch-files
      - bench-read
      - bigquery-pipeline-audit
      - boost-prompt
      - brag-sheet
      - breakdown-epic-arch
      - breakdown-epic-pm
      - breakdown-feature-implementation
      - breakdown-feature-prd
      - breakdown-plan
      - breakdown-test
      - bug-receipt
      - bug-reproduction-brief
      - build-evidence-map
      - centos-linux-triage
      - chrome-devtools
      - cli-mastery
      - cloud-design-patterns
      - code-exemplars-blueprint-generator
      - code-tour
      - codebase-memory-mcp
      - codeql
      - comment-code-generate-a-tutorial
      - commit-message-storyteller
      - competitor-ad-intelligence
      - containerize-aspnet-framework
      - containerize-aspnetcore
      - content-management-systems
      - context-map
      - conventional-branch
      - conventional-commit
      - convert-excel-to-md
      - convert-pdf-to-md
      - convert-plaintext-to-md
      - convert-word-to-md
      - copilot-cli-quickstart
      - copilot-instructions-blueprint-generator
      - copilot-pr-autopilot
      - copilot-sdk
      - copilot-spaces
      - copilot-usage-metrics
      - cosmosdb-datamodeling
      - create-agentsmd
      - create-architectural-decision-record
      - create-github-action-workflow-specification
      - create-github-issue-feature-from-specification
      - create-github-issues-feature-from-implementation-plan
      - create-github-issues-for-unmet-specification-requirements
      - create-implementation-plan
      - create-llms
      - create-readme
      - create-specification
      - create-spring-boot-java-project
      - create-spring-boot-kotlin-project
      - create-technical-spike
      - create-tldr-page
      - creating-oracle-to-postgres-master-migration-plan
      - creating-oracle-to-postgres-migration-bug-report
      - creating-oracle-to-postgres-migration-integration-tests
      - csharp-async
      - csharp-docs
      - csharp-mstest
      - csharp-nunit
      - csharp-tunit
      - csharp-xunit
      - d365-solution-blueprint
      - daily-focus-board
      - daily-prep
      - data-breach-blast-radius
      - datanalysis-credit-risk
      - dataverse-python-advanced-patterns
      - dataverse-python-production-code
      - dataverse-python-quickstart
      - dataverse-python-usecase-builder
      - debian-linux-triage
      - declarative-agents
      - dependabot
      - desk-journal
      - desk-open
      - devops-rollout-plan
      - diagnose
      - doc-and-modernize
      - docs-sync-audit
      - documentation-writer
      - dotnet-best-practices
      - dotnet-design-pattern-review
      - dotnet-mcp-builder
      - dotnet-timezone
      - dotnet-upgrade
      - doublecheck
      - draw-io-diagram-generator
      - drawio
      - editorconfig
      - ef-core
      - efcore-d2-db-diagram
      - em-dash
      - email-drafter
      - entra-agent-user
      - eval-driven-dev
      - exam-ready
      - excalidraw-diagram-generator
      - eyeball
      - fabric-lakehouse
      - fedora-linux-triage
      - finalize-agent-prompt
      - finnish-humanizer
      - first-ask
      - flowstudio-power-automate-build
      - flowstudio-power-automate-debug
      - flowstudio-power-automate-governance
      - flowstudio-power-automate-mcp
      - flowstudio-power-automate-monitoring
      - fluentui-blazor
      - folder-structure-blueprint-generator
      - foundry-agent-sync
      - foundry-hosted-agent-copilotkit
      - freecad-scripts
      - from-the-other-side-anitta
      - from-the-other-side-quinn
      - from-the-other-side-vega
      - from-the-other-side-wiggins
      - game-engine
      - gdpr-compliant
      - gem-devops-guidelines
      - gen-specs-as-issues
      - generate-custom-instructions-from-codebase
      - generate-image
      - geofeed-tuner
      - gh-attach
      - git-commit
      - git-flow-branch-creator
      - github-actions-efficiency
      - github-actions-hardening
      - github-actions-runtime-upgrade-conventions
      - github-codespaces-efficiency
      - github-copilot-starter
      - github-issues
      - github-release
      - gitmoji
      - go-mcp-server-generator
      - gsap-framer-scroll-animation
      - gtm-0-to-1-launch
      - gtm-ai-gtm
      - gtm-board-and-investor-communication
      - gtm-developer-ecosystem
      - gtm-enterprise-account-planning
      - gtm-enterprise-onboarding
      - gtm-operating-cadence
      - gtm-partnership-architecture
      - gtm-positioning-strategy
      - gtm-product-led-growth
      - gtm-technical-product-pricing
      - harness-engineering
      - image-annotations
      - image-manipulation-image-magick
      - impediment-prioritization
      - import-infrastructure-as-code
      - incident-postmortem
      - integrate-context-matic
      - issue-fields-migration
      - java-add-graalvm-native-image-support
      - java-docs
      - java-helidon
      - java-junit
      - java-mcp-server-generator
      - java-refactoring-extract-method
      - java-refactoring-remove-parameter
      - java-springboot
      - javascript-typescript-jest
      - javax-to-jakarta-migration
      - kotlin-mcp-server-generator
      - kotlin-springboot
      - landing-page-conversion-audit
      - latchshot-page-capture
      - legacy-circuit-mockups
      - linkedin-post-formatter
      - lsp-setup
      - macos-golden-gate-design
      - make-repo-contribution
      - markdown-to-html
      - markstream-install
      - mcp-cli
      - mcp-copilot-studio-server-generator
      - mcp-create-adaptive-cards
      - mcp-create-declarative-agent
      - mcp-deploy-manage-agents
      - mcp-implementation-security-review
      - mcp-release-qa
      - mcp-security-audit
      - md-to-docx
      - meeting-minutes
      - memory-merger
      - mentoring-juniors
      - microsoft-agent-framework
      - microsoft-code-reference
      - microsoft-docs
      - microsoft-skill-creator
      - migrating-oracle-to-postgres-data-access-code
      - migrating-oracle-to-postgres-stored-procedures
      - minecraft-plugin-development
      - mini-context-graph
      - mkdocs-translations
      - msgraph-sdk
      - msstore-cli
      - multi-stage-dockerfile
      - mvvm-toolkit
      - mvvm-toolkit-di
      - mvvm-toolkit-messenger
      - namecheap
      - nano-banana-pro-openrouter
      - napkin
      - next-intl-add-language
      - noob-mode
      - nuget-manager
      - onboard-context-matic
      - oo-component-documentation
      - openapi-to-application-code
      - optimize-simplicite-logs
      - pdftk-server
      - penpot-uiux-design
      - performance-review-writer
      - pester-migration
      - pester-should-migration
      - phoenix-cli
      - phoenix-evals
      - phoenix-tracing
      - php-mcp-server-generator
      - pinecone-rag
      - planning-oracle-to-postgres-migration-integration-testing
      - plantuml-ascii
      - playwright-automation-fill-in-form
      - playwright-explore-website
      - playwright-generate-test
      - poka-yoke
      - postgresql-code-review
      - postgresql-optimization
      - power-apps-code-app-scaffold
      - power-bi-dax-optimization
      - power-bi-model-design-review
      - power-bi-performance-troubleshooting
      - power-bi-report-design-consultation
      - power-platform-architect
      - power-platform-mcp-connector-suite
      - powerbi-modeling
      - pr-dashboard
      - pr-screenshots
      - prd
      - premium-frontend-ui
      - project-workflow-analysis-blueprint-generator
      - prompt-optimizer
      - protobuf-grpc-api-review
      - publish-to-pages
      - pytest-coverage
      - python-azure-iot-edge-modules
      - python-mcp-server-generator
      - python-pypi-package-builder
      - qdrant-clients-sdk
      - qdrant-deployment-options
      - qdrant-model-migration
      - qdrant-monitoring
      - qdrant-performance-optimization
      - qdrant-scaling
      - qdrant-search-quality
      - qdrant-version-upgrade
      - quality-playbook
      - quasi-coder
      - react-audit-grep-patterns
      - react-container-presentation-component
      - react18-batching-patterns
      - react18-dep-compatibility
      - react18-enzyme-to-rtl
      - react18-legacy-context
      - react18-lifecycle-patterns
      - react18-string-refs
      - react19-concurrent-patterns
      - react19-source-patterns
      - react19-test-patterns
      - readme-blueprint-generator
      - refactor
      - refactor-method-complexity-reduce
      - refactor-plan
      - remember
      - remember-interactive-programming
      - repo-standardizer
      - repo-story-time
      - resemble-detect
      - resx-source-generator-migration
      - review-and-refactor
      - reviewing-oracle-to-postgres-migration
      - rhino3d-scripts
      - roslyn-analyzers
      - roundup
      - roundup-setup
      - ruby-mcp-server-generator
      - ruff-recursive-fix
      - rust-mcp-server-generator
      - salesforce-apex-quality
      - salesforce-component-standards
      - salesforce-flow-design
      - sandbox-npm-install
      - scaffolding-oracle-to-postgres-migration-test-project
      - scoutqa-test
      - screen-recording
      - secret-scanning
      - security-review
      - semantic-kernel
      - server-side-conversion-tracking
      - setup-my-iq
      - shopify-review-triage
      - shuffle-json-data
      - signal-write
      - slang-shader-engineer
      - snowflake-semanticview
      - speak-summary
      - sponsor-finder
      - spring-boot-testing
      - sql-code-review
      - sql-object-impact-analysis
      - sql-optimization
      - sql-server-table-reconciliation
      - ssma-console
      - steno-mode
      - structured-autonomy-generate
      - structured-autonomy-implement
      - structured-autonomy-plan
      - suggest-awesome-github-copilot-agents
      - suggest-awesome-github-copilot-instructions
      - suggest-awesome-github-copilot-skills
      - swift-mcp-server-generator
      - system-commandline-cli
      - technical-job-search
      - technology-stack-blueprint-generator
      - terraform-azurerm-set-diff-analyzer
      - test-gap-audit
      - threat-model-analyst
      - tiny-stepping
      - tldr-prompt
      - tm7-threat-model
      - transloadit-media-processing
      - tugboat
      - typescript-mcp-server-generator
      - typespec-api-operations
      - typespec-create-agent
      - typespec-create-api-plugin
      - ui-screenshots
      - unit-test-vue-pinia
      - update-avm-modules-in-bicep
      - update-implementation-plan
      - update-llms
      - update-markdown-file-index
      - update-specification
      - upstash-redis
      - vardoger-analyze
      - vcpkg
      - verify-agent-action
      - vscode-ext-commands
      - vscode-ext-localization
      - web-design-reviewer
      - webapp-testing
      - webmcpify
      - what-context-needed
      - winmd-api-search
      - winui3-migration-guide
      - workiq-copilot
      - workshop-create
      - write-coding-standards-from-file
      - x-twitter-scraper
skills:
  - name: find-skills
    source:
      source: github
      repo: vercel-labs/skills
    sha256: 402765cd5b5d4246a9ff3e8fc19872619b543d758c3399c708f27680927579b0
    origin: base
  - name: vercel-composition-patterns
    source:
      source: github
      repo: vercel-labs/agent-skills
    sha256: d60442200d59e98efd41a696422bcb239791d3eb08855fa7ad9c399f4f97a1a2
    origin: agent-plugins
  - name: vercel-react-best-practices
    source:
      source: github
      repo: vercel-labs/agent-skills
    sha256: 5ec2c4c265afe01e6b5c38c7db4ea10010a1d329dc09230e3fcfe6d1986d00c2
    origin: agent-plugins
  - name: jira-worklog-sync
    source:
      source: github
      repo: hmcuongit/cuonghm-ai-workflow-lab
      path: claude/skills
    sha256: a93f62132c78493bfbbce6cbcb1eebfcec86d2ecb6f46270b18b045a1a01034e
    origin: agent-plugins
  - name: documentation-writer
    source:
      source: github
      repo: github/awesome-copilot
    sha256: 084ed2a1379c8e22dc1273daec7571deef682c28da4479798fed05a58f803a8b
    origin: agent-plugins
agentSources:
  - source:
      source: github
      repo: affaan-m/ECC
    commit: bf70150eb2df8070024e5bdf08e4aa08959e2735
    agents:
      - a11y-architect
      - agent-evaluator
      - architect
      - build-error-resolver
      - chief-of-staff
      - code-architect
      - code-explorer
      - code-reviewer
      - code-simplifier
      - comment-analyzer
      - conversation-analyzer
      - cpp-build-resolver
      - cpp-reviewer
      - csharp-reviewer
      - dart-build-resolver
      - database-reviewer
      - django-build-resolver
      - django-reviewer
      - doc-updater
      - docs-lookup
      - e2e-runner
      - fastapi-reviewer
      - flutter-reviewer
      - fsharp-reviewer
      - gan-evaluator
      - gan-generator
      - gan-planner
      - go-build-resolver
      - go-reviewer
      - harmonyos-app-resolver
      - harness-optimizer
      - healthcare-reviewer
      - homelab-architect
      - java-build-resolver
      - java-reviewer
      - kotlin-build-resolver
      - kotlin-reviewer
      - loop-operator
      - marketing-agent
      - mle-reviewer
      - network-architect
      - network-config-reviewer
      - network-troubleshooter
      - opensource-forker
      - opensource-packager
      - opensource-sanitizer
      - performance-optimizer
      - php-reviewer
      - planner
      - pr-test-analyzer
      - python-reviewer
      - pytorch-build-resolver
      - rag-pipeline-reviewer
      - react-build-resolver
      - react-reviewer
      - refactor-cleaner
      - rust-build-resolver
      - rust-reviewer
      - security-reviewer
      - seo-specialist
      - silent-failure-hunter
      - spec-miner
      - swift-build-resolver
      - swift-reviewer
      - tdd-guide
      - type-design-analyzer
      - typescript-reviewer
      - vue-reviewer
  - source:
      source: github
      repo: hmcuongit/cuonghm-ai-workflow-lab
      path: claude/agents
    commit: 7aa608c3d82bb8b82e369b1916abf325fdb0c44c
    agents:
      - docs-technical-writer
      - engineering-backend-architect
      - engineering-devops-automator
      - engineering-frontend-developer
      - engineering-gtelmaps-prod-devops
      - engineering-software-architect
      - gis-web-gis-developer
      - office-google-workspace-operator
      - security-architect
agents:
  - name: typescript-reviewer
    source:
      source: github
      repo: affaan-m/ECC
    sha256: 6b012db1a9039870c4f040975144a0d4e3592510d6332e2d260f02859ec66da1
    origin: agent-plugins
  - name: docs-technical-writer
    source:
      source: github
      repo: hmcuongit/cuonghm-ai-workflow-lab
      path: claude/agents
    sha256: 151d448af7837e7cf847c5d93ccdfe477a69e0913a2a8a62268200b294ae59be
    origin: agent-plugins
mcpServers:
  - name: firecrawl
    server:
      command: npx
      args:
        - -y
        - firecrawl-mcp@3.25.3
      env:
        FIRECRAWL_API_KEY: ${FIRECRAWL_API_KEY}
    origin: agent-plugins
  - name: cloudflare-docs
    server:
      type: http
      url: https://docs.mcp.cloudflare.com/mcp
    origin: agent-plugins
