plugins:
  - id: context7@claude-plugins-official
    enabled: true
    origin: agent-plugins
  - id: typescript-lsp@claude-plugins-official
    enabled: true
    origin: agent-plugins
  - id: mattpocock-skills@claude-plugins-official
    enabled: true
    origin: agent-plugins
  - id: security-guidance@claude-plugins-official
    enabled: true
    origin: base
  - id: code-simplifier@claude-plugins-official
    enabled: true
    origin: base
  - id: hookify@claude-plugins-official
    enabled: true
    origin: base
  - id: commit-commands@claude-plugins-official
    enabled: true
    origin: agent-plugins
skillSources:
  - source:
      source: github
      repo: vercel-labs/skills
    commit: 7407f3893ad4dceab546ac002c3ef806e4000c73
    skills:
      - find-skills
skills:
  - name: find-skills
    source:
      source: github
      repo: vercel-labs/skills
    sha256: 402765cd5b5d4246a9ff3e8fc19872619b543d758c3399c708f27680927579b0
    origin: base
mcpServers:
  - name: firecrawl
    server:
      type: http
      url: https://mcp.firecrawl.dev/v2/mcp
      headers:
        Authorization: Bearer ${FIRECRAWL_API_KEY}
    origin: agent-plugins
