---
lockfileVersion: '9.0'

importers:

  .:
    configDependencies: {}
    packageManagerDependencies:
      pnpm:
        specifier: 12.5.1
        version: 12.5.1

packages:

  '@pnpm/exe.android-arm64@12.5.1':
    resolution: {integrity: sha512-6LGBmQuDzUmgpHSuy+haG0jrmkwFNa4EuShDZqK3cIBv4Wfb75CzjJmowkzr+iJg40vnBKMQ62t4Ko6mwsId7A==}
    cpu: [arm64]
    os: [android]

  '@pnpm/exe.android-x64@12.5.1':
    resolution: {integrity: sha512-091oCltP3Rx89yxL1Wh5rXkUXEyFzyxIzSHKRFDyDFlQkb8Ox8FaDcm+M8PNkMyqnLA+qeGOLzY7Rjj9izl1Ww==}
    cpu: [x64]
    os: [android]

  '@pnpm/exe.darwin-arm64@12.5.1':
    resolution: {integrity: sha512-r1vEMQPVjRexZMyL2HonxJoo3+nuB/+G+tg+f2PK6faRdXX1TDwevKXOxJAfqlPInTy6W/pm912+s+m0NcR4BQ==}
    cpu: [arm64]
    os: [darwin]

  '@pnpm/exe.darwin-x64@12.5.1':
    resolution: {integrity: sha512-YHwI1g2B+Y2cAEylOR31r781GWijdJL7Gy7TEn/ZpZ5v/Cuwp5/Pz0EFCgo0M2MKLafAbL/laUMGvOpAdnerAw==}
    cpu: [x64]
    os: [darwin]

  '@pnpm/exe.freebsd-x64@12.5.1':
    resolution: {integrity: sha512-sFUMHiYFs6q5syFwgaVppzhQSmqnXoJIz/YwTXIOXTDE76ndIpTRpDGAnBCBKjsaEBnqjJA/2l6hpJcNDNoMiA==}
    cpu: [x64]
    os: [freebsd]

  '@pnpm/exe.linux-arm64-musl@12.5.1':
    resolution: {integrity: sha512-zupuxYZBuBEGjUz805/4/Asq01UNziFADANt8yp+LdUjU9bbMa3xY78Bx1PsGDqBy7aiad4sdUMK8ZxH4n4gmQ==}
    cpu: [arm64]
    os: [linux]
    libc: [musl]

  '@pnpm/exe.linux-arm64@12.5.1':
    resolution: {integrity: sha512-6hbMWW2/eQo1b5wvQPe/ndLHVTH88Rav6N+ffD4/h6IuFMjWCgasFYYsFv0GrvpqREAx3SwmZSvli+0NFXqbxA==}
    cpu: [arm64]
    os: [linux]
    libc: [glibc]

  '@pnpm/exe.linux-ppc64@12.5.1':
    resolution: {integrity: sha512-Gg3maDzaE/ZFMV9HIx/BwMN0Y6QbEs13URfxmiYHtKjjLAs5wEQZRMUP87YNLYO7cNaEfbM8GRbS9vPosyD9Gw==}
    cpu: [ppc64]
    os: [linux]
    libc: [glibc]

  '@pnpm/exe.linux-riscv64@12.5.1':
    resolution: {integrity: sha512-6fgWxXYMBMsWQ8DAiRevscX4QZQjwh+FsyCj8ZOk8pMXvqeq84MqBLCmS6KckvnbdqJ+HlSVQ7fs/kd0ldwfhA==}
    cpu: [riscv64]
    os: [linux]
    libc: [glibc]

  '@pnpm/exe.linux-s390x@12.5.1':
    resolution: {integrity: sha512-nzMZruRvxDhEfYUhzu+7EmM39+82Dgagc/6hPFPqGqzXNGcIG0anuxbUxfeNtI64SHt91KuuYUmCB/inlM+Pag==}
    cpu: [s390x]
    os: [linux]
    libc: [glibc]

  '@pnpm/exe.linux-x64-musl@12.5.1':
    resolution: {integrity: sha512-kHCbegdTNHpzmPtUD4S5fqkVkqgdQR47spF9p2VPP3dIIkZl6Ytk8w0vhlAsAGgge8FmucfwX+vvPKgm0NtOCQ==}
    cpu: [x64]
    os: [linux]
    libc: [musl]

  '@pnpm/exe.linux-x64@12.5.1':
    resolution: {integrity: sha512-3PkUBYo5z4dgtlnTNIFj7QGpcDUAuqXz9WGVigPDCeccEnhGiRkWmA5102TmYJHtwJP3LfmE+ZF9PGeWhn8p9Q==}
    cpu: [x64]
    os: [linux]
    libc: [glibc]

  '@pnpm/exe.win32-arm64@12.5.1':
    resolution: {integrity: sha512-49NvjZIXHly56/PLoEDD7VphbO4N8dwMXoApElDFCpVGDNGeKlwlib1tXtnpTF6i2/XIsAj7GgatHB5KHXgBnA==}
    cpu: [arm64]
    os: [win32]

  '@pnpm/exe.win32-x64@12.5.1':
    resolution: {integrity: sha512-ePUmQFPAPJFNMwg1lelDx2PdjHqYRiF0yfg5e6qeDbPNOu97QNo557Ru/SxmCrmt8ydQWNuZXWpdEp019md5vw==}
    cpu: [x64]
    os: [win32]

  pnpm@12.5.1:
    resolution: {integrity: sha512-4/MFvHhKK8ifWtO2E4iJRw+ujSr182thIW7JHCw9ZAiXdfneOKrDMQROpA8kXLDVZmOS399lgk4ZB+9qLGLeXw==}
    engines: {node: '>=18.*'}
    hasBin: true

snapshots:

  '@pnpm/exe.android-arm64@12.5.1':
    optional: true

  '@pnpm/exe.android-x64@12.5.1':
    optional: true

  '@pnpm/exe.darwin-arm64@12.5.1':
    optional: true

  '@pnpm/exe.darwin-x64@12.5.1':
    optional: true

  '@pnpm/exe.freebsd-x64@12.5.1':
    optional: true

  '@pnpm/exe.linux-arm64-musl@12.5.1':
    optional: true

  '@pnpm/exe.linux-arm64@12.5.1':
    optional: true

  '@pnpm/exe.linux-ppc64@12.5.1':
    optional: true

  '@pnpm/exe.linux-riscv64@12.5.1':
    optional: true

  '@pnpm/exe.linux-s390x@12.5.1':
    optional: true

  '@pnpm/exe.linux-x64-musl@12.5.1':
    optional: true

  '@pnpm/exe.linux-x64@12.5.1':
    optional: true

  '@pnpm/exe.win32-arm64@12.5.1':
    optional: true

  '@pnpm/exe.win32-x64@12.5.1':
    optional: true

  pnpm@12.5.1:
    optionalDependencies:
      '@pnpm/exe.android-arm64': 12.5.1
      '@pnpm/exe.android-x64': 12.5.1
      '@pnpm/exe.darwin-arm64': 12.5.1
      '@pnpm/exe.darwin-x64': 12.5.1
      '@pnpm/exe.freebsd-x64': 12.5.1
      '@pnpm/exe.linux-arm64': 12.5.1
      '@pnpm/exe.linux-arm64-musl': 12.5.1
      '@pnpm/exe.linux-ppc64': 12.5.1
      '@pnpm/exe.linux-riscv64': 12.5.1
      '@pnpm/exe.linux-s390x': 12.5.1
      '@pnpm/exe.linux-x64': 12.5.1
      '@pnpm/exe.linux-x64-musl': 12.5.1
      '@pnpm/exe.win32-arm64': 12.5.1
      '@pnpm/exe.win32-x64': 12.5.1

---
lockfileVersion: '9.0'

settings:
  autoInstallPeers: true
  excludeLinksFromLockfile: false

importers:

  .: {}

  packages/cli:
    devDependencies:
      '@oclif/core':
        specifier: ^5.0.0
        version: 5.0.0
      yaml:
        specifier: ^2.9.1
        version: 2.9.1

  packages/schemas: {}

packages:

  '@oclif/core@5.0.0':
    resolution: {integrity: sha512-24ZsN528VButCtvqjBoHw7cEpqXZZILH7Zp0d8oFKrWbqU2BqYrxLd5aGU8LyqRev7CCjAHg+/m1Bewz4V7AmQ==}
    engines: {node: '>=22.0.0'}

  ansi-escapes@4.3.2:
    resolution: {integrity: sha512-gKXj5ALrKWQLsYG9jlTRmR/xKluxHV+Z9QEwNIgCfM1/uwPMCuzVVnh5mwTd+OuBZcwSIMbqssNWRm1lE51QaQ==}
    engines: {node: '>=8'}

  ansi-regex@5.0.1:
    resolution: {integrity: sha512-quJQXlTSUGL2LH9SUXo8VwsY4soanhgo6LNSm84E1LBcE8s3O0wpdiRzyR9z/ZZJMlMWv37qOOb9pdJlMUEKFQ==}
    engines: {node: '>=8'}

  ansi-styles@4.3.0:
    resolution: {integrity: sha512-zbB9rCJAT1rbjiVDb2hqKFHNYLxgtk8NURxZ3IZwD3F6NtxbXZQCnnSi1Lkx+IDohdPlFp222wVALIheZJQSEg==}
    engines: {node: '>=8'}

  ansis@3.17.0:
    resolution: {integrity: sha512-0qWUglt9JEqLFr3w1I1pbrChn1grhaiAR2ocX1PP/flRmxgtwTzPFFFnfIlD6aMOLQZgSuCRlidD70lvx8yhzg==}
    engines: {node: '>=14'}

  balanced-match@4.0.4:
    resolution: {integrity: sha512-BLrgEcRTwX2o6gGxGOCNyMvGSp35YofuYzw9h1IMTRmKqttAZZVU67bdb9Pr2vUHA8+j3i2tJfjO6C6+4myGTA==}
    engines: {node: 18 || 20 || >=22}

  brace-expansion@5.0.12:
    resolution: {integrity: sha512-YovQ3rzhaLMIrDjNDMkNS01tea93qhEhG5xy8f6+R0l+dw3Ki+5sCoIoI942iuLZTHWogWktgwVDhU09iNEimQ==}
    engines: {node: 20 || >=22}

  clean-stack@3.0.1:
    resolution: {integrity: sha512-lR9wNiMRcVQjSB3a7xXGLuz4cr4wJuuXlaAEbRutGowQTmlp7R72/DOgN21e8jdwblMWl9UOJMJXarX94pzKdg==}
    engines: {node: '>=10'}

  cli-spinners@2.9.2:
    resolution: {integrity: sha512-ywqV+5MmyL4E7ybXgKys4DugZbX0FC6LnwrhjuykIjnK9k8OQacQ7axGKnjDXWNhns0xot3bZI5h55H8yo9cJg==}
    engines: {node: '>=6'}

  color-convert@2.0.1:
    resolution: {integrity: sha512-RRECPsj7iu/xb5oKYcsFHSppFNnsj/52OVTRKb4zP5onXwVF3zVmmToNcOfGC+CRDpfK/U584fMg38ZHCaElKQ==}
    engines: {node: '>=7.0.0'}

  color-name@1.1.4:
    resolution: {integrity: sha512-dOy+3AuW3a2wNbZHIuMZpTcgjGuLU/uBL/ubcZF9OXbDo8ff4O8yVp5Bf0efS8uEoYo5q4Fx7dY9OgQGXgAsQA==}

  debug@4.4.3:
    resolution: {integrity: sha512-RGwwWnwQvkVfavKVt22FGLw+xYSdzARwm0ru6DhTVA3umU5hZc28V3kO4stgYryrTlLpuvgI9GiijltAjNbcqA==}
    engines: {node: '>=6.0'}
    peerDependencies:
      supports-color: '*'
    peerDependenciesMeta:
      supports-color:
        optional: true

  ejs@6.0.1:
    resolution: {integrity: sha512-UaaM14yby8U3k02ihS1Bmj5Kz2d7CCQM1scxpgs4Mhkq8F1wR2gl3+Ts4h5Ne4Mnt7M9m4Dw7jsuMr3+xO4vZA==}
    engines: {node: '>=0.12.18'}
    hasBin: true

  emoji-regex@8.0.0:
    resolution: {integrity: sha512-MSjYzcWNOA0ewAHpz0MxpYFvwg6yjy1NG3xteoqz644VCo/RPgnr1/GGt+ic3iJTzQ8Eu3TdM14SawnVUmGE6A==}

  escape-string-regexp@4.0.0:
    resolution: {integrity: sha512-TtpcNJ3XAzx3Gq8sWRzJaVajRs0uVxA2YAkdb1jm2YkPz4G6egUFAyA3n5vtEIZefPk5Wa4UXbKuS5fKkJWdgA==}
    engines: {node: '>=10'}

  fdir@6.5.0:
    resolution: {integrity: sha512-tIbYtZbucOs0BRGqPJkshJUYdL+SDH7dVM8gjy+ERp3WAUjLEFJE+02kanyHtwjWOnwrKYBiwAmM0p4kLJAnXg==}
    engines: {node: '>=12.0.0'}
    peerDependencies:
      picomatch: ^3 || ^4
    peerDependenciesMeta:
      picomatch:
        optional: true

  get-package-type@0.1.0:
    resolution: {integrity: sha512-pjzuKtY64GYfWizNAJ0fr9VqttZkNiK2iS430LtIHzjBEr6bX8Am2zm4sW4Ro5wjWW5cAlRL1qAMTcXbjNAO2Q==}
    engines: {node: '>=8.0.0'}

  has-flag@4.0.0:
    resolution: {integrity: sha512-EykJT/Q1KjTWctppgIAgfSO0tKVuZUjhgMr17kqTumMl6Afv3EISleU7qZUzoXDFTAHTDC4NOoG/ZxU3EvlMPQ==}
    engines: {node: '>=8'}

  indent-string@4.0.0:
    resolution: {integrity: sha512-EdDDZu4A2OyIK7Lr/2zG+w5jmbuk1DVBnEwREQvBzspBJkCEbRa8GxU1lghYcaGJCnRWibjDXlq779X1/y5xwg==}
    engines: {node: '>=8'}

  is-docker@3.0.0:
    resolution: {integrity: sha512-eljcgEDlEns/7AXFosB5K/2nCM4P7FQPkGc/DWLy5rmFEWvZayGrik1d9/QIY5nJ4f9YsVvBkA6kJpHn9rISdQ==}
    engines: {node: ^12.20.0 || ^14.13.1 || >=16.0.0}
    hasBin: true

  is-fullwidth-code-point@3.0.0:
    resolution: {integrity: sha512-zymm5+u+sCsSWyD9qNaejV3DFvhCKclKdizYaJUuHA83RLjb7nSuGnddCHGv0hk+KY7BMAlsWeK4Ueg6EV6XQg==}
    engines: {node: '>=8'}

  is-inside-container@1.0.0:
    resolution: {integrity: sha512-KIYLCCJghfHZxqjYBE7rEy0OBuTd5xCHS7tHVgvCLkx7StIoaxwNW3hCALgEUjFfeRk+MG/Qxmp/vtETEF3tRA==}
    engines: {node: '>=14.16'}
    hasBin: true

  is-wsl@3.1.1:
    resolution: {integrity: sha512-e6rvdUCiQCAuumZslxRJWR/Doq4VpPR82kqclvcS0efgt430SlGIk05vdCN58+VrzgtIcfNODjozVielycD4Sw==}
    engines: {node: '>=16'}

  lilconfig@3.1.3:
    resolution: {integrity: sha512-/vlFKAoH5Cgt3Ie+JLhRbwOsCQePABiU3tJ1egGvyQ+33R/vcwM2Zl2QR/LzjsBeItPt3oSVXapn+m4nQDvpzw==}
    engines: {node: '>=14'}

  minimatch@10.2.6:
    resolution: {integrity: sha512-vpLQEs+VLCr1nU0BXS07maYoFwlDAH0gngQuuttxIwutDFEMHq2blX+8vpgxDdK3J1PwjCJiep77OitTZ4Ll1A==}
    engines: {node: 18 || 20 || >=22}

  ms@2.1.3:
    resolution: {integrity: sha512-6FlzubTLZG3J2a/NVCAleEhjzq5oxgHyaCU9yYXvcLsvoVaHJq/s5xXI6/XXP6tz7R9xAOtHnSO/tXtF3WRTlA==}

  picomatch@4.0.7:
    resolution: {integrity: sha512-qcJu88Q2IWqJsDD529JKMdwGm/dvInW4HvQnRwiH9JtihJvzGOscDtHE3x1pBKeUOTysQ8kVmLnJ2kJu7yhcGA==}
    engines: {node: '>=12'}

  powershell-utils@0.1.0:
    resolution: {integrity: sha512-dM0jVuXJPsDN6DvRpea484tCUaMiXWjuCn++HGTqUWzGDjv5tZkEZldAJ/UMlqRYGFrD/etByo4/xOuC/snX2A==}
    engines: {node: '>=20'}

  semver@7.8.5:
    resolution: {integrity: sha512-Y7/KDsb8LjooZpwaqGyulO6DQlksgCncchHGk+sZIY4SBvUocMBEFH5Ur1fI4dV+Jvl0w6cjvucaIi40puRioA==}
    engines: {node: '>=10'}
    hasBin: true

  string-width@4.2.3:
    resolution: {integrity: sha512-wKyQRQpjJ0sIp62ErSZdGsjMJWsap5oRNihHhu6G7JVO/9jIB6UyevL+tXuOqrng8j/cxKTWyWUwvSTriiZz/g==}
    engines: {node: '>=8'}

  strip-ansi@6.0.1:
    resolution: {integrity: sha512-Y38VPSHcqkFrCpFnQ9vuSXmquuv5oXOKpGeT6aGrr3o3Gc9AlVa6JBfUSOCnbxGGZF+/0ooI7KrPuUSztUdU5A==}
    engines: {node: '>=8'}

  supports-color@8.1.1:
    resolution: {integrity: sha512-MpUEN2OodtUzxvKQl72cUF7RQ5EiHsGvSsVG0ia9c5RbWGL2CI4C7EpPS8UTBIplnlzZiNuV56w+FuNxy3ty2Q==}
    engines: {node: '>=10'}

  tinyglobby@0.2.17:
    resolution: {integrity: sha512-wXR/dYpcqKmfWpEdZjiKJOwCNFndD0DMnrW/cYjVGttEkBfVgcLFHoNrlj47mjOVic9yyNu65alsgF4NQyTa2g==}
    engines: {node: '>=12.0.0'}

  type-fest@0.21.3:
    resolution: {integrity: sha512-t0rzBq87m3fVcduHDUFhKmyyX+9eo6WQjZvf51Ea/M0Q7+T374Jp1aUiyUl0GKxp8M/OETVHSDvmkyPgvX+X2w==}
    engines: {node: '>=10'}

  widest-line@3.1.0:
    resolution: {integrity: sha512-NsmoXalsWVDMGupxZ5R08ka9flZjjiLvHVAWYOKtiKM8ujtZWr9cRffak+uSE48+Ob8ObalXpwyeUiyDD6QFgg==}
    engines: {node: '>=8'}

  wordwrap@1.0.0:
    resolution: {integrity: sha512-gvVzJFlPycKc5dZN4yPkP8w7Dc37BtP1yczEneOb4uq34pXZcvrtRTmWV8W+Ume+XCxKgbjM+nevkyFPMybd4Q==}

  wrap-ansi@7.0.0:
    resolution: {integrity: sha512-YVGIj2kamLSTxw6NsZjoBxfSwsn0ycdesmc4p+Q21c5zPuZ1pl+NfxVdxPtdHvmNVOQ6XSYG4AUtyt/Fi7D16Q==}
    engines: {node: '>=10'}

  wsl-utils@0.4.0:
    resolution: {integrity: sha512-9YmF+2sFEd+T7TkwlmE337F0IVzfDvDknhtpBQxxXzEOfgPphGlFYpyx0cTuCIFj8/p+sqwBYAeGxOMNSzPPDA==}
    engines: {node: '>=20'}

  yaml@2.9.1:
    resolution: {integrity: sha512-3NxN8+78OdzbT7C/WjGsyfPAtJaN3FNDsWxv7Y7mcDsT/oOmgW8BpyQQFFBnvZE3j9Y2Sdz1ULFLezL7Eb2yFw==}
    engines: {node: '>= 14.6'}
    hasBin: true

snapshots:

  '@oclif/core@5.0.0':
    dependencies:
      ansi-escapes: 4.3.2
      ansis: 3.17.0
      clean-stack: 3.0.1
      cli-spinners: 2.9.2
      debug: 4.4.3(supports-color@8.1.1)
      ejs: 6.0.1
      get-package-type: 0.1.0
      indent-string: 4.0.0
      lilconfig: 3.1.3
      minimatch: 10.2.6
      semver: 7.8.5
      string-width: 4.2.3
      supports-color: 8.1.1
      tinyglobby: 0.2.17
      widest-line: 3.1.0
      wordwrap: 1.0.0
      wrap-ansi: 7.0.0
      wsl-utils: 0.4.0

  ansi-escapes@4.3.2:
    dependencies:
      type-fest: 0.21.3

  ansi-regex@5.0.1: {}

  ansi-styles@4.3.0:
    dependencies:
      color-convert: 2.0.1

  ansis@3.17.0: {}

  balanced-match@4.0.4: {}

  brace-expansion@5.0.12:
    dependencies:
      balanced-match: 4.0.4

  clean-stack@3.0.1:
    dependencies:
      escape-string-regexp: 4.0.0

  cli-spinners@2.9.2: {}

  color-convert@2.0.1:
    dependencies:
      color-name: 1.1.4

  color-name@1.1.4: {}

  debug@4.4.3(supports-color@8.1.1):
    dependencies:
      ms: 2.1.3
    optionalDependencies:
      supports-color: 8.1.1

  ejs@6.0.1: {}

  emoji-regex@8.0.0: {}

  escape-string-regexp@4.0.0: {}

  fdir@6.5.0(picomatch@4.0.7):
    optionalDependencies:
      picomatch: 4.0.7

  get-package-type@0.1.0: {}

  has-flag@4.0.0: {}

  indent-string@4.0.0: {}

  is-docker@3.0.0: {}

  is-fullwidth-code-point@3.0.0: {}

  is-inside-container@1.0.0:
    dependencies:
      is-docker: 3.0.0

  is-wsl@3.1.1:
    dependencies:
      is-inside-container: 1.0.0

  lilconfig@3.1.3: {}

  minimatch@10.2.6:
    dependencies:
      brace-expansion: 5.0.12

  ms@2.1.3: {}

  picomatch@4.0.7: {}

  powershell-utils@0.1.0: {}

  semver@7.8.5: {}

  string-width@4.2.3:
    dependencies:
      emoji-regex: 8.0.0
      is-fullwidth-code-point: 3.0.0
      strip-ansi: 6.0.1

  strip-ansi@6.0.1:
    dependencies:
      ansi-regex: 5.0.1

  supports-color@8.1.1:
    dependencies:
      has-flag: 4.0.0

  tinyglobby@0.2.17:
    dependencies:
      fdir: 6.5.0(picomatch@4.0.7)
      picomatch: 4.0.7

  type-fest@0.21.3: {}

  widest-line@3.1.0:
    dependencies:
      string-width: 4.2.3

  wordwrap@1.0.0: {}

  wrap-ansi@7.0.0:
    dependencies:
      ansi-styles: 4.3.0
      string-width: 4.2.3
      strip-ansi: 6.0.1

  wsl-utils@0.4.0:
    dependencies:
      is-wsl: 3.1.1
      powershell-utils: 0.1.0

  yaml@2.9.1: {}
