marketplaces:
  - name: obsidian-skills
    source:
      source: github
      repo: kepano/obsidian-skills
    origin: .agent-plugins/preset.yaml
  - name: last30days-skill
    source:
      source: github
      repo: mvanhorn/last30days-skill
    origin: .agent-plugins/preset.yaml
plugins:
  - id: obsidian@obsidian-skills
    enabled: true
    origin: .agent-plugins/preset.yaml
  - id: last30days@last30days-skill
    enabled: true
    origin: .agent-plugins/preset.yaml
